
Microsoft Visual Studio Solution File, Format Version 12.00
# Visual Studio Version 17
VisualStudioVersion = 17.7.34024.191
MinimumVisualStudioVersion = 10.0.40219.1
Project("{FAE04EC0-301F-11D3-BF4B-00C04F79EFBC}") = "Exercise_8", "Exercise_8.csproj", "{4E64F8D2-8891-4AFC-BEBD-032336DB27C6}"
EndProject
Global
	GlobalSection(SolutionConfigurationPlatforms) = preSolution
		Debug|Any CPU = Debug|Any CPU
		Release|Any CPU = Release|Any CPU
	EndGlobalSection
	GlobalSection(ProjectConfigurationPlatforms) = postSolution
		{4E64F8D2-8891-4AFC-BEBD-032336DB27C6}.Debug|Any CPU.ActiveCfg = Debug|Any CPU
		{4E64F8D2-8891-4AFC-BEBD-032336DB27C6}.Debug|Any CPU.Build.0 = Debug|Any CPU
		{4E64F8D2-8891-4AFC-BEBD-032336DB27C6}.Release|Any CPU.ActiveCfg = Release|Any CPU
		{4E64F8D2-8891-4AFC-BEBD-032336DB27C6}.Release|Any CPU.Build.0 = Release|Any CPU
	EndGlobalSection
	GlobalSection(SolutionProperties) = preSolution
		HideSolutionNode = FALSE
	EndGlobalSection
	GlobalSection(ExtensibilityGlobals) = postSolution
		SolutionGuid = {734C42E2-133A-4013-A09E-A50554AC2671}
	EndGlobalSection
EndGlobal
